
Microsoft Visual Studio Solution File, Format Version 12.00
# Visual Studio Version 17
VisualStudioVersion = 17.9.34622.214
MinimumVisualStudioVersion = 10.0.40219.1
Project("{FAE04EC0-301F-11D3-BF4B-00C04F79EFBC}") = "Practice Problems", "Practice Problems.csproj", "{8E603071-2559-4E95-9BB8-449123EAA1BD}"
EndProject
Project("{FAE04EC0-301F-11D3-BF4B-00C04F79EFBC}") = "PracticeProblemUnitTests", "..\PracticeProblemUnitTests\PracticeProblemUnitTests.csproj", "{47F26ED3-3102-4016-88AD-26AEBBD35839}"
EndProject
Global
	GlobalSection(SolutionConfigurationPlatforms) = preSolution
		Debug|Any CPU = Debug|Any CPU
		Release|Any CPU = Release|Any CPU
	EndGlobalSection
	GlobalSection(ProjectConfigurationPlatforms) = postSolution
		{8E603071-2559-4E95-9BB8-449123EAA1BD}.Debug|Any CPU.ActiveCfg = Debug|Any CPU
		{8E603071-2559-4E95-9BB8-449123EAA1BD}.Debug|Any CPU.Build.0 = Debug|Any CPU
		{8E603071-2559-4E95-9BB8-449123EAA1BD}.Release|Any CPU.ActiveCfg = Release|Any CPU
		{8E603071-2559-4E95-9BB8-449123EAA1BD}.Release|Any CPU.Build.0 = Release|Any CPU
		{47F26ED3-3102-4016-88AD-26AEBBD35839}.Debug|Any CPU.ActiveCfg = Debug|Any CPU
		{47F26ED3-3102-4016-88AD-26AEBBD35839}.Debug|Any CPU.Build.0 = Debug|Any CPU
		{47F26ED3-3102-4016-88AD-26AEBBD35839}.Release|Any CPU.ActiveCfg = Release|Any CPU
		{47F26ED3-3102-4016-88AD-26AEBBD35839}.Release|Any CPU.Build.0 = Release|Any CPU
	EndGlobalSection
	GlobalSection(SolutionProperties) = preSolution
		HideSolutionNode = FALSE
	EndGlobalSection
	GlobalSection(ExtensibilityGlobals) = postSolution
		SolutionGuid = {E117F2FD-1B7A-4FBE-B65B-A3D1604FCA6F}
	EndGlobalSection
EndGlobal
